
Microsoft Visual Studio Solution File, Format Version 12.00
# Visual Studio Version 17
VisualStudioVersion = 17.11.35222.181
MinimumVisualStudioVersion = 10.0.40219.1
Project("{FAE04EC0-301F-11D3-BF4B-00C04F79EFBC}") = "Projeto_Grupo_Sistema_de_Biblioteca_POO", "Projeto_Grupo_Sistema_de_Biblioteca_POO.csproj", "{30729D66-3E69-485B-BD6E-A0BA3CDB2C2B}"
EndProject
Global
	GlobalSection(SolutionConfigurationPlatforms) = preSolution
		Debug|Any CPU = Debug|Any CPU
		Release|Any CPU = Release|Any CPU
	EndGlobalSection
	GlobalSection(ProjectConfigurationPlatforms) = postSolution
		{30729D66-3E69-485B-BD6E-A0BA3CDB2C2B}.Debug|Any CPU.ActiveCfg = Debug|Any CPU
		{30729D66-3E69-485B-BD6E-A0BA3CDB2C2B}.Debug|Any CPU.Build.0 = Debug|Any CPU
		{30729D66-3E69-485B-BD6E-A0BA3CDB2C2B}.Release|Any CPU.ActiveCfg = Release|Any CPU
		{30729D66-3E69-485B-BD6E-A0BA3CDB2C2B}.Release|Any CPU.Build.0 = Release|Any CPU
	EndGlobalSection
	GlobalSection(SolutionProperties) = preSolution
		HideSolutionNode = FALSE
	EndGlobalSection
	GlobalSection(ExtensibilityGlobals) = postSolution
		SolutionGuid = {8DAE69F7-BC6F-4A9F-9291-0CFF55587350}
	EndGlobalSection
EndGlobal
